// !$*UTF8*$!
{
	archiveVersion = 1;
	classes = {
	};
	objectVersion = 46;
	objects = {

/* Begin PBXBuildFile section */
		844D2ECE1A13C23D008C8C13 /* main.m in Sources */ = {isa = PBXBuildFile; fileRef = 844D2ECD1A13C23D008C8C13 /* main.m */; };
		844D2ED61A13C296008C8C13 /* Figure.m in Sources */ = {isa = PBXBuildFile; fileRef = 844D2ED51A13C296008C8C13 /* Figure.m */; };
		844D2ED91A13C2BB008C8C13 /* Circle.m in Sources */ = {isa = PBXBuildFile; fileRef = 844D2ED81A13C2BB008C8C13 /* Circle.m */; };
		844D2EDC1A13C2C6008C8C13 /* Rectangle.m in Sources */ = {isa = PBXBuildFile; fileRef = 844D2EDB1A13C2C6008C8C13 /* Rectangle.m */; };
		844D2EDF1A13C2D6008C8C13 /* Ellipse.m in Sources */ = {isa = PBXBuildFile; fileRef = 844D2EDE1A13C2D6008C8C13 /* Ellipse.m */; };
/* End PBXBuildFile section */

/* Begin PBXCopyFilesBuildPhase section */
		844D2EC81A13C23D008C8C13 /* CopyFiles */ = {
			isa = PBXCopyFilesBuildPhase;
			buildActionMask = 2147483647;
			dstPath = /usr/share/man/man1/;
			dstSubfolderSpec = 0;
			files = (
			);
			runOnlyForDeploymentPostprocessing = 1;
		};
/* End PBXCopyFilesBuildPhase section */

/* Begin PBXFileReference section */
		844D2ECA1A13C23D008C8C13 /* proglive_objc1_4 */ = {isa = PBXFileReference; explicitFileType = "compiled.mach-o.executable"; includeInIndex = 0; path = proglive_objc1_4; sourceTree = BUILT_PRODUCTS_DIR; };
		844D2ECD1A13C23D008C8C13 /* main.m */ = {isa = PBXFileReference; lastKnownFileType = sourcecode.c.objc; path = main.m; sourceTree = "<group>"; };
		844D2ED41A13C296008C8C13 /* Figure.h */ = {isa = PBXFileReference; fileEncoding = 4; lastKnownFileType = sourcecode.c.h; path = Figure.h; sourceTree = "<group>"; };
		844D2ED51A13C296008C8C13 /* Figure.m */ = {isa = PBXFileReference; fileEncoding = 4; lastKnownFileType = sourcecode.c.objc; path = Figure.m; sourceTree = "<group>"; };
		844D2ED71A13C2BB008C8C13 /* Circle.h */ = {isa = PBXFileReference; fileEncoding = 4; lastKnownFileType = sourcecode.c.h; path = Circle.h; sourceTree = "<group>"; };
		844D2ED81A13C2BB008C8C13 /* Circle.m */ = {isa = PBXFileReference; fileEncoding = 4; lastKnownFileType = sourcecode.c.objc; path = Circle.m; sourceTree = "<group>"; };
		844D2EDA1A13C2C6008C8C13 /* Rectangle.h */ = {isa = PBXFileReference; fileEncoding = 4; lastKnownFileType = sourcecode.c.h; path = Rectangle.h; sourceTree = "<group>"; };
		844D2EDB1A13C2C6008C8C13 /* Rectangle.m */ = {isa = PBXFileReference; fileEncoding = 4; lastKnownFileType = sourcecode.c.objc; path = Rectangle.m; sourceTree = "<group>"; };
		844D2EDD1A13C2D6008C8C13 /* Ellipse.h */ = {isa = PBXFileReference; fileEncoding = 4; lastKnownFileType = sourcecode.c.h; path = Ellipse.h; sourceTree = "<group>"; };
		844D2EDE1A13C2D6008C8C13 /* Ellipse.m */ = {isa = PBXFileReference; fileEncoding = 4; lastKnownFileType = sourcecode.c.objc; path = Ellipse.m; sourceTree = "<group>"; };
/* End PBXFileReference section */

/* Begin PBXFrameworksBuildPhase section */
		844D2EC71A13C23D008C8C13 /* Frameworks */ = {
			isa = PBXFrameworksBuildPhase;
			buildActionMask = 2147483647;
			files = (
			);
			runOnlyForDeploymentPostprocessing = 0;
		};
/* End PBXFrameworksBuildPhase section */

/* Begin PBXGroup section */
		844D2EC11A13C23D008C8C13 = {
			isa = PBXGroup;
			children = (
				844D2ECC1A13C23D008C8C13 /* proglive_objc1_4 */,
				844D2ECB1A13C23D008C8C13 /* Products */,
			);
			sourceTree = "<group>";
		};
		844D2ECB1A13C23D008C8C13 /* Products */ = {
			isa = PBXGroup;
			children = (
				844D2ECA1A13C23D008C8C13 /* proglive_objc1_4 */,
			);
			name = Products;
			sourceTree = "<group>";
		};
		844D2ECC1A13C23D008C8C13 /* proglive_objc1_4 */ = {
			isa = PBXGroup;
			children = (
				844D2ECD1A13C23D008C8C13 /* main.m */,
				844D2ED41A13C296008C8C13 /* Figure.h */,
				844D2ED51A13C296008C8C13 /* Figure.m */,
				844D2ED71A13C2BB008C8C13 /* Circle.h */,
				844D2ED81A13C2BB008C8C13 /* Circle.m */,
				844D2EDA1A13C2C6008C8C13 /* Rectangle.h */,
				844D2EDB1A13C2C6008C8C13 /* Rectangle.m */,
				844D2EDD1A13C2D6008C8C13 /* Ellipse.h */,
				844D2EDE1A13C2D6008C8C13 /* Ellipse.m */,
			);
			path = proglive_objc1_4;
			sourceTree = "<group>";
		};
/* End PBXGroup section */

/* Begin PBXNativeTarget section */
		844D2EC91A13C23D008C8C13 /* proglive_objc1_4 */ = {
			isa = PBXNativeTarget;
			buildConfigurationList = 844D2ED11A13C23D008C8C13 /* Build configuration list for PBXNativeTarget "proglive_objc1_4" */;
			buildPhases = (
				844D2EC61A13C23D008C8C13 /* Sources */,
				844D2EC71A13C23D008C8C13 /* Frameworks */,
				844D2EC81A13C23D008C8C13 /* CopyFiles */,
			);
			buildRules = (
			);
			dependencies = (
			);
			name = proglive_objc1_4;
			productName = proglive_objc1_4;
			productReference = 844D2ECA1A13C23D008C8C13 /* proglive_objc1_4 */;
			productType = "com.apple.product-type.tool";
		};
/* End PBXNativeTarget section */

/* Begin PBXProject section */
		844D2EC21A13C23D008C8C13 /* Project object */ = {
			isa = PBXProject;
			attributes = {
				LastUpgradeCheck = 0610;
				ORGANIZATIONNAME = farades;
				TargetAttributes = {
					844D2EC91A13C23D008C8C13 = {
						CreatedOnToolsVersion = 6.1;
					};
				};
			};
			buildConfigurationList = 844D2EC51A13C23D008C8C13 /* Build configuration list for PBXProject "proglive_objc1_4" */;
			compatibilityVersion = "Xcode 3.2";
			developmentRegion = English;
			hasScannedForEncodings = 0;
			knownRegions = (
				en,
			);
			mainGroup = 844D2EC11A13C23D008C8C13;
			productRefGroup = 844D2ECB1A13C23D008C8C13 /* Products */;
			projectDirPath = "";
			projectRoot = "";
			targets = (
				844D2EC91A13C23D008C8C13 /* proglive_objc1_4 */,
			);
		};
/* End PBXProject section */

/* Begin PBXSourcesBuildPhase section */
		844D2EC61A13C23D008C8C13 /* Sources */ = {
			isa = PBXSourcesBuildPhase;
			buildActionMask = 2147483647;
			files = (
				844D2EDF1A13C2D6008C8C13 /* Ellipse.m in Sources */,
				844D2ED91A13C2BB008C8C13 /* Circle.m in Sources */,
				844D2ECE1A13C23D008C8C13 /* main.m in Sources */,
				844D2ED61A13C296008C8C13 /* Figure.m in Sources */,
				844D2EDC1A13C2C6008C8C13 /* Rectangle.m in Sources */,
			);
			runOnlyForDeploymentPostprocessing = 0;
		};
/* End PBXSourcesBuildPhase section */

/* Begin XCBuildConfiguration section */
		844D2ECF1A13C23D008C8C13 /* Debug */ = {
			isa = XCBuildConfiguration;
			buildSettings = {
				ALWAYS_SEARCH_USER_PATHS = NO;
				CLANG_CXX_LANGUAGE_STANDARD = "gnu++0x";
				CLANG_CXX_LIBRARY = "libc++";
				CLANG_ENABLE_MODULES = YES;
				CLANG_ENABLE_OBJC_ARC = YES;
				CLANG_WARN_BOOL_CONVERSION = YES;
				CLANG_WARN_CONSTANT_CONVERSION = YES;
				CLANG_WARN_DIRECT_OBJC_ISA_USAGE = YES_ERROR;
				CLANG_WARN_EMPTY_BODY = YES;
				CLANG_WARN_ENUM_CONVERSION = YES;
				CLANG_WARN_INT_CONVERSION = YES;
				CLANG_WARN_OBJC_ROOT_CLASS = YES_ERROR;
				CLANG_WARN_UNREACHABLE_CODE = YES;
				CLANG_WARN__DUPLICATE_METHOD_MATCH = YES;
				COPY_PHASE_STRIP = NO;
				ENABLE_STRICT_OBJC_MSGSEND = YES;
				GCC_C_LANGUAGE_STANDARD = gnu99;
				GCC_DYNAMIC_NO_PIC = NO;
				GCC_OPTIMIZATION_LEVEL = 0;
				GCC_PREPROCESSOR_DEFINITIONS = (
					"DEBUG=1",
					"$(inherited)",
				);
				GCC_SYMBOLS_PRIVATE_EXTERN = NO;
				GCC_WARN_64_TO_32_BIT_CONVERSION = YES;
				GCC_WARN_ABOUT_RETURN_TYPE = YES_ERROR;
				GCC_WARN_UNDECLARED_SELECTOR = YES;
				GCC_WARN_UNINITIALIZED_AUTOS = YES_AGGRESSIVE;
				GCC_WARN_UNUSED_FUNCTION = YES;
				GCC_WARN_UNUSED_VARIABLE = YES;
				MACOSX_DEPLOYMENT_TARGET = 10.10;
				MTL_ENABLE_DEBUG_INFO = YES;
				ONLY_ACTIVE_ARCH = YES;
				SDKROOT = macosx;
			};
			name = Debug;
		};
		844D2ED01A13C23D008C8C13 /* Release */ = {
			isa = XCBuildConfiguration;
			buildSettings = {
				ALWAYS_SEARCH_USER_PATHS = NO;
				CLANG_CXX_LANGUAGE_STANDARD = "gnu++0x";
				CLANG_CXX_LIBRARY = "libc++";
				CLANG_ENABLE_MODULES = YES;
				CLANG_ENABLE_OBJC_ARC = YES;
				CLANG_WARN_BOOL_CONVERSION = YES;
				CLANG_WARN_CONSTANT_CONVERSION = YES;
				CLANG_WARN_DIRECT_OBJC_ISA_USAGE = YES_ERROR;
				CLANG_WARN_EMPTY_BODY = YES;
				CLANG_WARN_ENUM_CONVERSION = YES;
				CLANG_WARN_INT_CONVERSION = YES;
				CLANG_WARN_OBJC_ROOT_CLASS = YES_ERROR;
				CLANG_WARN_UNREACHABLE_CODE = YES;
				CLANG_WARN__DUPLICATE_METHOD_MATCH = YES;
				COPY_PHASE_STRIP = YES;
				DEBUG_INFORMATION_FORMAT = "dwarf-with-dsym";
				ENABLE_NS_ASSERTIONS = NO;
				ENABLE_STRICT_OBJC_MSGSEND = YES;
				GCC_C_LANGUAGE_STANDARD = gnu99;
				GCC_WARN_64_TO_32_BIT_CONVERSION = YES;
				GCC_WARN_ABOUT_RETURN_TYPE = YES_ERROR;
				GCC_WARN_UNDECLARED_SELECTOR = YES;
				GCC_WARN_UNINITIALIZED_AUTOS = YES_AGGRESSIVE;
				GCC_WARN_UNUSED_FUNCTION = YES;
				GCC_WARN_UNUSED_VARIABLE = YES;
				MACOSX_DEPLOYMENT_TARGET = 10.10;
				MTL_ENABLE_DEBUG_INFO = NO;
				SDKROOT = macosx;
			};
			name = Release;
		};
		844D2ED21A13C23D008C8C13 /* Debug */ = {
			isa = XCBuildConfiguration;
			buildSettings = {
				CLANG_ENABLE_OBJC_ARC = NO;
				PRODUCT_NAME = "$(TARGET_NAME)";
			};
			name = Debug;
		};
		844D2ED31A13C23D008C8C13 /* Release */ = {
			isa = XCBuildConfiguration;
			buildSettings = {
				CLANG_ENABLE_OBJC_ARC = NO;
				PRODUCT_NAME = "$(TARGET_NAME)";
			};
			name = Release;
		};
/* End XCBuildConfiguration section */

/* Begin XCConfigurationList section */
		844D2EC51A13C23D008C8C13 /* Build configuration list for PBXProject "proglive_objc1_4" */ = {
			isa = XCConfigurationList;
			buildConfigurations = (
				844D2ECF1A13C23D008C8C13 /* Debug */,
				844D2ED01A13C23D008C8C13 /* Release */,
			);
			defaultConfigurationIsVisible = 0;
			defaultConfigurationName = Release;
		};
		844D2ED11A13C23D008C8C13 /* Build configuration list for PBXNativeTarget "proglive_objc1_4" */ = {
			isa = XCConfigurationList;
			buildConfigurations = (
				844D2ED21A13C23D008C8C13 /* Debug */,
				844D2ED31A13C23D008C8C13 /* Release */,
			);
			defaultConfigurationIsVisible = 0;
		};
/* End XCConfigurationList section */
	};
	rootObject = 844D2EC21A13C23D008C8C13 /* Project object */;
}
